{
  "name": "foo",
  "version": "1.0.0",
  "lockfileVersion": 2,
  "requires": true,
  "packages": {
    "": {
      "name": "foo",
      "version": "1.0.0",
      "license": "ISC",
      "devDependencies": {
        "free-types": "github:geoffreytools/free-types-private"
      }
    },
    "node_modules/free-types": {
      "version": "0.0.1",
      "resolved": "git+ssh://git@github.com/geoffreytools/free-types-private.git#a639a5edbbe6a480e17f2267cc8ae6cfbf16caf8",
      "dev": true,
      "license": "ICS"
    }
  },
  "dependencies": {
    "free-types": {
      "version": "git+ssh://git@github.com/geoffreytools/free-types-private.git#a639a5edbbe6a480e17f2267cc8ae6cfbf16caf8",
      "dev": true,
      "from": "free-types@github:geoffreytools/free-types-private"
    }
  }
}
